
Microsoft Visual Studio Solution File, Format Version 12.00
# Visual Studio Version 16
VisualStudioVersion = 16.0.30503.244
MinimumVisualStudioVersion = 10.0.40219.1
Project("{FAE04EC0-301F-11D3-BF4B-00C04F79EFBC}") = "Toggle Post Processing", "Toggle Post Processing\Toggle Post Processing.csproj", "{D3359F93-F373-4E70-9788-2E6B95F667ED}"
EndProject
Global
	GlobalSection(SolutionConfigurationPlatforms) = preSolution
		Debug|Any CPU = Debug|Any CPU
		Release|Any CPU = Release|Any CPU
	EndGlobalSection
	GlobalSection(ProjectConfigurationPlatforms) = postSolution
		{D3359F93-F373-4E70-9788-2E6B95F667ED}.Debug|Any CPU.ActiveCfg = Debug|Any CPU
		{D3359F93-F373-4E70-9788-2E6B95F667ED}.Debug|Any CPU.Build.0 = Debug|Any CPU
		{D3359F93-F373-4E70-9788-2E6B95F667ED}.Release|Any CPU.ActiveCfg = Release|Any CPU
		{D3359F93-F373-4E70-9788-2E6B95F667ED}.Release|Any CPU.Build.0 = Release|Any CPU
	EndGlobalSection
	GlobalSection(SolutionProperties) = preSolution
		HideSolutionNode = FALSE
	EndGlobalSection
	GlobalSection(ExtensibilityGlobals) = postSolution
		SolutionGuid = {D093CFA4-4056-465E-B1C1-38E8595ACBBB}
	EndGlobalSection
EndGlobal
